// !$*UTF8*$!
{
	archiveVersion = 1;
	classes = {
	};
	objectVersion = 46;
	objects = {

/* Begin PBXBuildFile section */
		53AE123A1E81346800C94234 /* main.m in Sources */ = {isa = PBXBuildFile; fileRef = 53AE12391E81346800C94234 /* main.m */; };
		53AE123D1E81346800C94234 /* AppDelegate.m in Sources */ = {isa = PBXBuildFile; fileRef = 53AE123C1E81346800C94234 /* AppDelegate.m */; };
		53AE12401E81346800C94234 /* ViewController.m in Sources */ = {isa = PBXBuildFile; fileRef = 53AE123F1E81346800C94234 /* ViewController.m */; };
		53AE12431E81346800C94234 /* Main.storyboard in Resources */ = {isa = PBXBuildFile; fileRef = 53AE12411E81346800C94234 /* Main.storyboard */; };
		53AE12451E81346800C94234 /* Assets.xcassets in Resources */ = {isa = PBXBuildFile; fileRef = 53AE12441E81346800C94234 /* Assets.xcassets */; };
		53AE12481E81346800C94234 /* LaunchScreen.storyboard in Resources */ = {isa = PBXBuildFile; fileRef = 53AE12461E81346800C94234 /* LaunchScreen.storyboard */; };
		53AE12511E81349F00C94234 /* GLESMath.c in Sources */ = {isa = PBXBuildFile; fileRef = 53AE124F1E81349F00C94234 /* GLESMath.c */; };
		53AE12541E8134CA00C94234 /* fragmentShader.glsl in Resources */ = {isa = PBXBuildFile; fileRef = 53AE12521E8134CA00C94234 /* fragmentShader.glsl */; };
		53AE12551E8134CA00C94234 /* vertexShader.glsl in Resources */ = {isa = PBXBuildFile; fileRef = 53AE12531E8134CA00C94234 /* vertexShader.glsl */; };
/* End PBXBuildFile section */

/* Begin PBXFileReference section */
		53AE12351E81346800C94234 /* OpenGLES-3-三维图像变换.app */ = {isa = PBXFileReference; explicitFileType = wrapper.application; includeInIndex = 0; path = "OpenGLES-3-三维图像变换.app"; sourceTree = BUILT_PRODUCTS_DIR; };
		53AE12391E81346800C94234 /* main.m */ = {isa = PBXFileReference; lastKnownFileType = sourcecode.c.objc; path = main.m; sourceTree = "<group>"; };
		53AE123B1E81346800C94234 /* AppDelegate.h */ = {isa = PBXFileReference; lastKnownFileType = sourcecode.c.h; path = AppDelegate.h; sourceTree = "<group>"; };
		53AE123C1E81346800C94234 /* AppDelegate.m */ = {isa = PBXFileReference; lastKnownFileType = sourcecode.c.objc; path = AppDelegate.m; sourceTree = "<group>"; };
		53AE123E1E81346800C94234 /* ViewController.h */ = {isa = PBXFileReference; lastKnownFileType = sourcecode.c.h; path = ViewController.h; sourceTree = "<group>"; };
		53AE123F1E81346800C94234 /* ViewController.m */ = {isa = PBXFileReference; lastKnownFileType = sourcecode.c.objc; path = ViewController.m; sourceTree = "<group>"; };
		53AE12421E81346800C94234 /* Base */ = {isa = PBXFileReference; lastKnownFileType = file.storyboard; name = Base; path = Base.lproj/Main.storyboard; sourceTree = "<group>"; };
		53AE12441E81346800C94234 /* Assets.xcassets */ = {isa = PBXFileReference; lastKnownFileType = folder.assetcatalog; path = Assets.xcassets; sourceTree = "<group>"; };
		53AE12471E81346800C94234 /* Base */ = {isa = PBXFileReference; lastKnownFileType = file.storyboard; name = Base; path = Base.lproj/LaunchScreen.storyboard; sourceTree = "<group>"; };
		53AE12491E81346800C94234 /* Info.plist */ = {isa = PBXFileReference; lastKnownFileType = text.plist.xml; path = Info.plist; sourceTree = "<group>"; };
		53AE124F1E81349F00C94234 /* GLESMath.c */ = {isa = PBXFileReference; fileEncoding = 4; lastKnownFileType = sourcecode.c.c; path = GLESMath.c; sourceTree = "<group>"; };
		53AE12501E81349F00C94234 /* GLESMath.h */ = {isa = PBXFileReference; fileEncoding = 4; lastKnownFileType = sourcecode.c.h; path = GLESMath.h; sourceTree = "<group>"; };
		53AE12521E8134CA00C94234 /* fragmentShader.glsl */ = {isa = PBXFileReference; fileEncoding = 4; lastKnownFileType = text; path = fragmentShader.glsl; sourceTree = "<group>"; };
		53AE12531E8134CA00C94234 /* vertexShader.glsl */ = {isa = PBXFileReference; fileEncoding = 4; lastKnownFileType = text; path = vertexShader.glsl; sourceTree = "<group>"; };
/* End PBXFileReference section */

/* Begin PBXFrameworksBuildPhase section */
		53AE12321E81346800C94234 /* Frameworks */ = {
			isa = PBXFrameworksBuildPhase;
			buildActionMask = 2147483647;
			files = (
			);
			runOnlyForDeploymentPostprocessing = 0;
		};
/* End PBXFrameworksBuildPhase section */

/* Begin PBXGroup section */
		53AE122C1E81346800C94234 = {
			isa = PBXGroup;
			children = (
				53AE12371E81346800C94234 /* OpenGLES-3-三维图像变换 */,
				53AE12361E81346800C94234 /* Products */,
			);
			sourceTree = "<group>";
		};
		53AE12361E81346800C94234 /* Products */ = {
			isa = PBXGroup;
			children = (
				53AE12351E81346800C94234 /* OpenGLES-3-三维图像变换.app */,
			);
			name = Products;
			sourceTree = "<group>";
		};
		53AE12371E81346800C94234 /* OpenGLES-3-三维图像变换 */ = {
			isa = PBXGroup;
			children = (
				53AE124F1E81349F00C94234 /* GLESMath.c */,
				53AE12501E81349F00C94234 /* GLESMath.h */,
				53AE12521E8134CA00C94234 /* fragmentShader.glsl */,
				53AE12531E8134CA00C94234 /* vertexShader.glsl */,
				53AE123B1E81346800C94234 /* AppDelegate.h */,
				53AE123C1E81346800C94234 /* AppDelegate.m */,
				53AE123E1E81346800C94234 /* ViewController.h */,
				53AE123F1E81346800C94234 /* ViewController.m */,
				53AE12411E81346800C94234 /* Main.storyboard */,
				53AE12441E81346800C94234 /* Assets.xcassets */,
				53AE12461E81346800C94234 /* LaunchScreen.storyboard */,
				53AE12491E81346800C94234 /* Info.plist */,
				53AE12381E81346800C94234 /* Supporting Files */,
			);
			path = "OpenGLES-3-三维图像变换";
			sourceTree = "<group>";
		};
		53AE12381E81346800C94234 /* Supporting Files */ = {
			isa = PBXGroup;
			children = (
				53AE12391E81346800C94234 /* main.m */,
			);
			name = "Supporting Files";
			sourceTree = "<group>";
		};
/* End PBXGroup section */

/* Begin PBXNativeTarget section */
		53AE12341E81346800C94234 /* OpenGLES-3-三维图像变换 */ = {
			isa = PBXNativeTarget;
			buildConfigurationList = 53AE124C1E81346800C94234 /* Build configuration list for PBXNativeTarget "OpenGLES-3-三维图像变换" */;
			buildPhases = (
				53AE12311E81346800C94234 /* Sources */,
				53AE12321E81346800C94234 /* Frameworks */,
				53AE12331E81346800C94234 /* Resources */,
			);
			buildRules = (
			);
			dependencies = (
			);
			name = "OpenGLES-3-三维图像变换";
			productName = "OpenGLES-3-三维图像变换";
			productReference = 53AE12351E81346800C94234 /* OpenGLES-3-三维图像变换.app */;
			productType = "com.apple.product-type.application";
		};
/* End PBXNativeTarget section */

/* Begin PBXProject section */
		53AE122D1E81346800C94234 /* Project object */ = {
			isa = PBXProject;
			attributes = {
				LastUpgradeCheck = 0810;
				ORGANIZATIONNAME = "黄强强";
				TargetAttributes = {
					53AE12341E81346800C94234 = {
						CreatedOnToolsVersion = 8.1;
						DevelopmentTeam = CZNJZR433P;
						ProvisioningStyle = Automatic;
					};
				};
			};
			buildConfigurationList = 53AE12301E81346800C94234 /* Build configuration list for PBXProject "OpenGLES-3-三维图像变换" */;
			compatibilityVersion = "Xcode 3.2";
			developmentRegion = English;
			hasScannedForEncodings = 0;
			knownRegions = (
				en,
				Base,
			);
			mainGroup = 53AE122C1E81346800C94234;
			productRefGroup = 53AE12361E81346800C94234 /* Products */;
			projectDirPath = "";
			projectRoot = "";
			targets = (
				53AE12341E81346800C94234 /* OpenGLES-3-三维图像变换 */,
			);
		};
/* End PBXProject section */

/* Begin PBXResourcesBuildPhase section */
		53AE12331E81346800C94234 /* Resources */ = {
			isa = PBXResourcesBuildPhase;
			buildActionMask = 2147483647;
			files = (
				53AE12481E81346800C94234 /* LaunchScreen.storyboard in Resources */,
				53AE12451E81346800C94234 /* Assets.xcassets in Resources */,
				53AE12551E8134CA00C94234 /* vertexShader.glsl in Resources */,
				53AE12541E8134CA00C94234 /* fragmentShader.glsl in Resources */,
				53AE12431E81346800C94234 /* Main.storyboard in Resources */,
			);
			runOnlyForDeploymentPostprocessing = 0;
		};
/* End PBXResourcesBuildPhase section */

/* Begin PBXSourcesBuildPhase section */
		53AE12311E81346800C94234 /* Sources */ = {
			isa = PBXSourcesBuildPhase;
			buildActionMask = 2147483647;
			files = (
				53AE12511E81349F00C94234 /* GLESMath.c in Sources */,
				53AE12401E81346800C94234 /* ViewController.m in Sources */,
				53AE123D1E81346800C94234 /* AppDelegate.m in Sources */,
				53AE123A1E81346800C94234 /* main.m in Sources */,
			);
			runOnlyForDeploymentPostprocessing = 0;
		};
/* End PBXSourcesBuildPhase section */

/* Begin PBXVariantGroup section */
		53AE12411E81346800C94234 /* Main.storyboard */ = {
			isa = PBXVariantGroup;
			children = (
				53AE12421E81346800C94234 /* Base */,
			);
			name = Main.storyboard;
			sourceTree = "<group>";
		};
		53AE12461E81346800C94234 /* LaunchScreen.storyboard */ = {
			isa = PBXVariantGroup;
			children = (
				53AE12471E81346800C94234 /* Base */,
			);
			name = LaunchScreen.storyboard;
			sourceTree = "<group>";
		};
/* End PBXVariantGroup section */

/* Begin XCBuildConfiguration section */
		53AE124A1E81346800C94234 /* Debug */ = {
			isa = XCBuildConfiguration;
			buildSettings = {
				ALWAYS_SEARCH_USER_PATHS = NO;
				CLANG_ANALYZER_NONNULL = YES;
				CLANG_CXX_LANGUAGE_STANDARD = "gnu++0x";
				CLANG_CXX_LIBRARY = "libc++";
				CLANG_ENABLE_MODULES = YES;
				CLANG_ENABLE_OBJC_ARC = YES;
				CLANG_WARN_BOOL_CONVERSION = YES;
				CLANG_WARN_CONSTANT_CONVERSION = YES;
				CLANG_WARN_DIRECT_OBJC_ISA_USAGE = YES_ERROR;
				CLANG_WARN_DOCUMENTATION_COMMENTS = YES;
				CLANG_WARN_EMPTY_BODY = YES;
				CLANG_WARN_ENUM_CONVERSION = YES;
				CLANG_WARN_INFINITE_RECURSION = YES;
				CLANG_WARN_INT_CONVERSION = YES;
				CLANG_WARN_OBJC_ROOT_CLASS = YES_ERROR;
				CLANG_WARN_SUSPICIOUS_MOVES = YES;
				CLANG_WARN_UNREACHABLE_CODE = YES;
				CLANG_WARN__DUPLICATE_METHOD_MATCH = YES;
				"CODE_SIGN_IDENTITY[sdk=iphoneos*]" = "iPhone Developer";
				COPY_PHASE_STRIP = NO;
				DEBUG_INFORMATION_FORMAT = dwarf;
				ENABLE_STRICT_OBJC_MSGSEND = YES;
				ENABLE_TESTABILITY = YES;
				GCC_C_LANGUAGE_STANDARD = gnu99;
				GCC_DYNAMIC_NO_PIC = NO;
				GCC_NO_COMMON_BLOCKS = YES;
				GCC_OPTIMIZATION_LEVEL = 0;
				GCC_PREPROCESSOR_DEFINITIONS = (
					"DEBUG=1",
					"$(inherited)",
				);
				GCC_WARN_64_TO_32_BIT_CONVERSION = YES;
				GCC_WARN_ABOUT_RETURN_TYPE = YES_ERROR;
				GCC_WARN_UNDECLARED_SELECTOR = YES;
				GCC_WARN_UNINITIALIZED_AUTOS = YES_AGGRESSIVE;
				GCC_WARN_UNUSED_FUNCTION = YES;
				GCC_WARN_UNUSED_VARIABLE = YES;
				IPHONEOS_DEPLOYMENT_TARGET = 10.1;
				MTL_ENABLE_DEBUG_INFO = YES;
				ONLY_ACTIVE_ARCH = YES;
				SDKROOT = iphoneos;
			};
			name = Debug;
		};
		53AE124B1E81346800C94234 /* Release */ = {
			isa = XCBuildConfiguration;
			buildSettings = {
				ALWAYS_SEARCH_USER_PATHS = NO;
				CLANG_ANALYZER_NONNULL = YES;
				CLANG_CXX_LANGUAGE_STANDARD = "gnu++0x";
				CLANG_CXX_LIBRARY = "libc++";
				CLANG_ENABLE_MODULES = YES;
				CLANG_ENABLE_OBJC_ARC = YES;
				CLANG_WARN_BOOL_CONVERSION = YES;
				CLANG_WARN_CONSTANT_CONVERSION = YES;
				CLANG_WARN_DIRECT_OBJC_ISA_USAGE = YES_ERROR;
				CLANG_WARN_DOCUMENTATION_COMMENTS = YES;
				CLANG_WARN_EMPTY_BODY = YES;
				CLANG_WARN_ENUM_CONVERSION = YES;
				CLANG_WARN_INFINITE_RECURSION = YES;
				CLANG_WARN_INT_CONVERSION = YES;
				CLANG_WARN_OBJC_ROOT_CLASS = YES_ERROR;
				CLANG_WARN_SUSPICIOUS_MOVES = YES;
				CLANG_WARN_UNREACHABLE_CODE = YES;
				CLANG_WARN__DUPLICATE_METHOD_MATCH = YES;
				"CODE_SIGN_IDENTITY[sdk=iphoneos*]" = "iPhone Developer";
				COPY_PHASE_STRIP = NO;
				DEBUG_INFORMATION_FORMAT = "dwarf-with-dsym";
				ENABLE_NS_ASSERTIONS = NO;
				ENABLE_STRICT_OBJC_MSGSEND = YES;
				GCC_C_LANGUAGE_STANDARD = gnu99;
				GCC_NO_COMMON_BLOCKS = YES;
				GCC_WARN_64_TO_32_BIT_CONVERSION = YES;
				GCC_WARN_ABOUT_RETURN_TYPE = YES_ERROR;
				GCC_WARN_UNDECLARED_SELECTOR = YES;
				GCC_WARN_UNINITIALIZED_AUTOS = YES_AGGRESSIVE;
				GCC_WARN_UNUSED_FUNCTION = YES;
				GCC_WARN_UNUSED_VARIABLE = YES;
				IPHONEOS_DEPLOYMENT_TARGET = 10.1;
				MTL_ENABLE_DEBUG_INFO = NO;
				SDKROOT = iphoneos;
				VALIDATE_PRODUCT = YES;
			};
			name = Release;
		};
		53AE124D1E81346800C94234 /* Debug */ = {
			isa = XCBuildConfiguration;
			buildSettings = {
				ASSETCATALOG_COMPILER_APPICON_NAME = AppIcon;
				DEVELOPMENT_TEAM = CZNJZR433P;
				INFOPLIST_FILE = "OpenGLES-3-三维图像变换/Info.plist";
				LD_RUNPATH_SEARCH_PATHS = "$(inherited) @executable_path/Frameworks";
				PRODUCT_BUNDLE_IDENTIFIER = "com.huangqiangqiang.OpenGLES-3-------";
				PRODUCT_NAME = "$(TARGET_NAME)";
			};
			name = Debug;
		};
		53AE124E1E81346800C94234 /* Release */ = {
			isa = XCBuildConfiguration;
			buildSettings = {
				ASSETCATALOG_COMPILER_APPICON_NAME = AppIcon;
				DEVELOPMENT_TEAM = CZNJZR433P;
				INFOPLIST_FILE = "OpenGLES-3-三维图像变换/Info.plist";
				LD_RUNPATH_SEARCH_PATHS = "$(inherited) @executable_path/Frameworks";
				PRODUCT_BUNDLE_IDENTIFIER = "com.huangqiangqiang.OpenGLES-3-------";
				PRODUCT_NAME = "$(TARGET_NAME)";
			};
			name = Release;
		};
/* End XCBuildConfiguration section */

/* Begin XCConfigurationList section */
		53AE12301E81346800C94234 /* Build configuration list for PBXProject "OpenGLES-3-三维图像变换" */ = {
			isa = XCConfigurationList;
			buildConfigurations = (
				53AE124A1E81346800C94234 /* Debug */,
				53AE124B1E81346800C94234 /* Release */,
			);
			defaultConfigurationIsVisible = 0;
			defaultConfigurationName = Release;
		};
		53AE124C1E81346800C94234 /* Build configuration list for PBXNativeTarget "OpenGLES-3-三维图像变换" */ = {
			isa = XCConfigurationList;
			buildConfigurations = (
				53AE124D1E81346800C94234 /* Debug */,
				53AE124E1E81346800C94234 /* Release */,
			);
			defaultConfigurationIsVisible = 0;
		};
/* End XCConfigurationList section */
	};
	rootObject = 53AE122D1E81346800C94234 /* Project object */;
}
