// !$*UTF8*$!
{
	archiveVersion = 1;
	classes = {
	};
	objectVersion = 46;
	objects = {

/* Begin PBXBuildFile section */
		53B88AB51E84F14D00177498 /* main.m in Sources */ = {isa = PBXBuildFile; fileRef = 53B88AB41E84F14D00177498 /* main.m */; };
		53B88AB81E84F14D00177498 /* AppDelegate.m in Sources */ = {isa = PBXBuildFile; fileRef = 53B88AB71E84F14D00177498 /* AppDelegate.m */; };
		53B88ABB1E84F14D00177498 /* ViewController.m in Sources */ = {isa = PBXBuildFile; fileRef = 53B88ABA1E84F14D00177498 /* ViewController.m */; };
		53B88ABE1E84F14D00177498 /* Main.storyboard in Resources */ = {isa = PBXBuildFile; fileRef = 53B88ABC1E84F14D00177498 /* Main.storyboard */; };
		53B88AC01E84F14D00177498 /* Assets.xcassets in Resources */ = {isa = PBXBuildFile; fileRef = 53B88ABF1E84F14D00177498 /* Assets.xcassets */; };
		53B88AC31E84F14D00177498 /* LaunchScreen.storyboard in Resources */ = {isa = PBXBuildFile; fileRef = 53B88AC11E84F14D00177498 /* LaunchScreen.storyboard */; };
		53B88AD21E84F16B00177498 /* AEAGLContext.m in Sources */ = {isa = PBXBuildFile; fileRef = 53B88ACB1E84F16B00177498 /* AEAGLContext.m */; };
		53B88AD41E84F16B00177498 /* AGLKVertexAttribArrayBuffer.m in Sources */ = {isa = PBXBuildFile; fileRef = 53B88ACF1E84F16B00177498 /* AGLKVertexAttribArrayBuffer.m */; };
		53B88AD51E84F16B00177498 /* AGLKView.m in Sources */ = {isa = PBXBuildFile; fileRef = 53B88AD11E84F16B00177498 /* AGLKView.m */; };
		53B88AD81E84F27F00177498 /* AGLKTextureLoader.m in Sources */ = {isa = PBXBuildFile; fileRef = 53B88AD71E84F27F00177498 /* AGLKTextureLoader.m */; };
/* End PBXBuildFile section */

/* Begin PBXFileReference section */
		53B88AB01E84F14D00177498 /* OpenGLES-0-重实现GLKit.app */ = {isa = PBXFileReference; explicitFileType = wrapper.application; includeInIndex = 0; path = "OpenGLES-0-重实现GLKit.app"; sourceTree = BUILT_PRODUCTS_DIR; };
		53B88AB41E84F14D00177498 /* main.m */ = {isa = PBXFileReference; lastKnownFileType = sourcecode.c.objc; path = main.m; sourceTree = "<group>"; };
		53B88AB61E84F14D00177498 /* AppDelegate.h */ = {isa = PBXFileReference; lastKnownFileType = sourcecode.c.h; path = AppDelegate.h; sourceTree = "<group>"; };
		53B88AB71E84F14D00177498 /* AppDelegate.m */ = {isa = PBXFileReference; lastKnownFileType = sourcecode.c.objc; path = AppDelegate.m; sourceTree = "<group>"; };
		53B88AB91E84F14D00177498 /* ViewController.h */ = {isa = PBXFileReference; lastKnownFileType = sourcecode.c.h; path = ViewController.h; sourceTree = "<group>"; };
		53B88ABA1E84F14D00177498 /* ViewController.m */ = {isa = PBXFileReference; lastKnownFileType = sourcecode.c.objc; path = ViewController.m; sourceTree = "<group>"; };
		53B88ABD1E84F14D00177498 /* Base */ = {isa = PBXFileReference; lastKnownFileType = file.storyboard; name = Base; path = Base.lproj/Main.storyboard; sourceTree = "<group>"; };
		53B88ABF1E84F14D00177498 /* Assets.xcassets */ = {isa = PBXFileReference; lastKnownFileType = folder.assetcatalog; path = Assets.xcassets; sourceTree = "<group>"; };
		53B88AC21E84F14D00177498 /* Base */ = {isa = PBXFileReference; lastKnownFileType = file.storyboard; name = Base; path = Base.lproj/LaunchScreen.storyboard; sourceTree = "<group>"; };
		53B88AC41E84F14D00177498 /* Info.plist */ = {isa = PBXFileReference; lastKnownFileType = text.plist.xml; path = Info.plist; sourceTree = "<group>"; };
		53B88ACA1E84F16B00177498 /* AEAGLContext.h */ = {isa = PBXFileReference; fileEncoding = 4; lastKnownFileType = sourcecode.c.h; path = AEAGLContext.h; sourceTree = "<group>"; };
		53B88ACB1E84F16B00177498 /* AEAGLContext.m */ = {isa = PBXFileReference; fileEncoding = 4; lastKnownFileType = sourcecode.c.objc; path = AEAGLContext.m; sourceTree = "<group>"; };
		53B88ACE1E84F16B00177498 /* AGLKVertexAttribArrayBuffer.h */ = {isa = PBXFileReference; fileEncoding = 4; lastKnownFileType = sourcecode.c.h; path = AGLKVertexAttribArrayBuffer.h; sourceTree = "<group>"; };
		53B88ACF1E84F16B00177498 /* AGLKVertexAttribArrayBuffer.m */ = {isa = PBXFileReference; fileEncoding = 4; lastKnownFileType = sourcecode.c.objc; path = AGLKVertexAttribArrayBuffer.m; sourceTree = "<group>"; };
		53B88AD01E84F16B00177498 /* AGLKView.h */ = {isa = PBXFileReference; fileEncoding = 4; lastKnownFileType = sourcecode.c.h; path = AGLKView.h; sourceTree = "<group>"; };
		53B88AD11E84F16B00177498 /* AGLKView.m */ = {isa = PBXFileReference; fileEncoding = 4; lastKnownFileType = sourcecode.c.objc; path = AGLKView.m; sourceTree = "<group>"; };
		53B88AD61E84F27F00177498 /* AGLKTextureLoader.h */ = {isa = PBXFileReference; fileEncoding = 4; lastKnownFileType = sourcecode.c.h; path = AGLKTextureLoader.h; sourceTree = "<group>"; };
		53B88AD71E84F27F00177498 /* AGLKTextureLoader.m */ = {isa = PBXFileReference; fileEncoding = 4; lastKnownFileType = sourcecode.c.objc; path = AGLKTextureLoader.m; sourceTree = "<group>"; };
/* End PBXFileReference section */

/* Begin PBXFrameworksBuildPhase section */
		53B88AAD1E84F14D00177498 /* Frameworks */ = {
			isa = PBXFrameworksBuildPhase;
			buildActionMask = 2147483647;
			files = (
			);
			runOnlyForDeploymentPostprocessing = 0;
		};
/* End PBXFrameworksBuildPhase section */

/* Begin PBXGroup section */
		53B88AA71E84F14D00177498 = {
			isa = PBXGroup;
			children = (
				53B88AB21E84F14D00177498 /* OpenGLES-0-重实现GLKit */,
				53B88AB11E84F14D00177498 /* Products */,
			);
			sourceTree = "<group>";
		};
		53B88AB11E84F14D00177498 /* Products */ = {
			isa = PBXGroup;
			children = (
				53B88AB01E84F14D00177498 /* OpenGLES-0-重实现GLKit.app */,
			);
			name = Products;
			sourceTree = "<group>";
		};
		53B88AB21E84F14D00177498 /* OpenGLES-0-重实现GLKit */ = {
			isa = PBXGroup;
			children = (
				53B88ACA1E84F16B00177498 /* AEAGLContext.h */,
				53B88ACB1E84F16B00177498 /* AEAGLContext.m */,
				53B88AD61E84F27F00177498 /* AGLKTextureLoader.h */,
				53B88AD71E84F27F00177498 /* AGLKTextureLoader.m */,
				53B88ACE1E84F16B00177498 /* AGLKVertexAttribArrayBuffer.h */,
				53B88ACF1E84F16B00177498 /* AGLKVertexAttribArrayBuffer.m */,
				53B88AD01E84F16B00177498 /* AGLKView.h */,
				53B88AD11E84F16B00177498 /* AGLKView.m */,
				53B88AB61E84F14D00177498 /* AppDelegate.h */,
				53B88AB71E84F14D00177498 /* AppDelegate.m */,
				53B88AB91E84F14D00177498 /* ViewController.h */,
				53B88ABA1E84F14D00177498 /* ViewController.m */,
				53B88ABC1E84F14D00177498 /* Main.storyboard */,
				53B88ABF1E84F14D00177498 /* Assets.xcassets */,
				53B88AC11E84F14D00177498 /* LaunchScreen.storyboard */,
				53B88AC41E84F14D00177498 /* Info.plist */,
				53B88AB31E84F14D00177498 /* Supporting Files */,
			);
			path = "OpenGLES-0-重实现GLKit";
			sourceTree = "<group>";
		};
		53B88AB31E84F14D00177498 /* Supporting Files */ = {
			isa = PBXGroup;
			children = (
				53B88AB41E84F14D00177498 /* main.m */,
			);
			name = "Supporting Files";
			sourceTree = "<group>";
		};
/* End PBXGroup section */

/* Begin PBXNativeTarget section */
		53B88AAF1E84F14D00177498 /* OpenGLES-0-重实现GLKit */ = {
			isa = PBXNativeTarget;
			buildConfigurationList = 53B88AC71E84F14D00177498 /* Build configuration list for PBXNativeTarget "OpenGLES-0-重实现GLKit" */;
			buildPhases = (
				53B88AAC1E84F14D00177498 /* Sources */,
				53B88AAD1E84F14D00177498 /* Frameworks */,
				53B88AAE1E84F14D00177498 /* Resources */,
			);
			buildRules = (
			);
			dependencies = (
			);
			name = "OpenGLES-0-重实现GLKit";
			productName = "OpenGLES-0-重实现GLKit";
			productReference = 53B88AB01E84F14D00177498 /* OpenGLES-0-重实现GLKit.app */;
			productType = "com.apple.product-type.application";
		};
/* End PBXNativeTarget section */

/* Begin PBXProject section */
		53B88AA81E84F14D00177498 /* Project object */ = {
			isa = PBXProject;
			attributes = {
				LastUpgradeCheck = 0810;
				ORGANIZATIONNAME = "黄强强";
				TargetAttributes = {
					53B88AAF1E84F14D00177498 = {
						CreatedOnToolsVersion = 8.1;
						DevelopmentTeam = CZNJZR433P;
						ProvisioningStyle = Automatic;
					};
				};
			};
			buildConfigurationList = 53B88AAB1E84F14D00177498 /* Build configuration list for PBXProject "OpenGLES-0-重实现GLKit" */;
			compatibilityVersion = "Xcode 3.2";
			developmentRegion = English;
			hasScannedForEncodings = 0;
			knownRegions = (
				en,
				Base,
			);
			mainGroup = 53B88AA71E84F14D00177498;
			productRefGroup = 53B88AB11E84F14D00177498 /* Products */;
			projectDirPath = "";
			projectRoot = "";
			targets = (
				53B88AAF1E84F14D00177498 /* OpenGLES-0-重实现GLKit */,
			);
		};
/* End PBXProject section */

/* Begin PBXResourcesBuildPhase section */
		53B88AAE1E84F14D00177498 /* Resources */ = {
			isa = PBXResourcesBuildPhase;
			buildActionMask = 2147483647;
			files = (
				53B88AC31E84F14D00177498 /* LaunchScreen.storyboard in Resources */,
				53B88AC01E84F14D00177498 /* Assets.xcassets in Resources */,
				53B88ABE1E84F14D00177498 /* Main.storyboard in Resources */,
			);
			runOnlyForDeploymentPostprocessing = 0;
		};
/* End PBXResourcesBuildPhase section */

/* Begin PBXSourcesBuildPhase section */
		53B88AAC1E84F14D00177498 /* Sources */ = {
			isa = PBXSourcesBuildPhase;
			buildActionMask = 2147483647;
			files = (
				53B88AD41E84F16B00177498 /* AGLKVertexAttribArrayBuffer.m in Sources */,
				53B88AD21E84F16B00177498 /* AEAGLContext.m in Sources */,
				53B88ABB1E84F14D00177498 /* ViewController.m in Sources */,
				53B88AB81E84F14D00177498 /* AppDelegate.m in Sources */,
				53B88AD81E84F27F00177498 /* AGLKTextureLoader.m in Sources */,
				53B88AB51E84F14D00177498 /* main.m in Sources */,
				53B88AD51E84F16B00177498 /* AGLKView.m in Sources */,
			);
			runOnlyForDeploymentPostprocessing = 0;
		};
/* End PBXSourcesBuildPhase section */

/* Begin PBXVariantGroup section */
		53B88ABC1E84F14D00177498 /* Main.storyboard */ = {
			isa = PBXVariantGroup;
			children = (
				53B88ABD1E84F14D00177498 /* Base */,
			);
			name = Main.storyboard;
			sourceTree = "<group>";
		};
		53B88AC11E84F14D00177498 /* LaunchScreen.storyboard */ = {
			isa = PBXVariantGroup;
			children = (
				53B88AC21E84F14D00177498 /* Base */,
			);
			name = LaunchScreen.storyboard;
			sourceTree = "<group>";
		};
/* End PBXVariantGroup section */

/* Begin XCBuildConfiguration section */
		53B88AC51E84F14D00177498 /* Debug */ = {
			isa = XCBuildConfiguration;
			buildSettings = {
				ALWAYS_SEARCH_USER_PATHS = NO;
				CLANG_ANALYZER_NONNULL = YES;
				CLANG_CXX_LANGUAGE_STANDARD = "gnu++0x";
				CLANG_CXX_LIBRARY = "libc++";
				CLANG_ENABLE_MODULES = YES;
				CLANG_ENABLE_OBJC_ARC = YES;
				CLANG_WARN_BOOL_CONVERSION = YES;
				CLANG_WARN_CONSTANT_CONVERSION = YES;
				CLANG_WARN_DIRECT_OBJC_ISA_USAGE = YES_ERROR;
				CLANG_WARN_DOCUMENTATION_COMMENTS = YES;
				CLANG_WARN_EMPTY_BODY = YES;
				CLANG_WARN_ENUM_CONVERSION = YES;
				CLANG_WARN_INFINITE_RECURSION = YES;
				CLANG_WARN_INT_CONVERSION = YES;
				CLANG_WARN_OBJC_ROOT_CLASS = YES_ERROR;
				CLANG_WARN_SUSPICIOUS_MOVES = YES;
				CLANG_WARN_UNREACHABLE_CODE = YES;
				CLANG_WARN__DUPLICATE_METHOD_MATCH = YES;
				"CODE_SIGN_IDENTITY[sdk=iphoneos*]" = "iPhone Developer";
				COPY_PHASE_STRIP = NO;
				DEBUG_INFORMATION_FORMAT = dwarf;
				ENABLE_STRICT_OBJC_MSGSEND = YES;
				ENABLE_TESTABILITY = YES;
				GCC_C_LANGUAGE_STANDARD = gnu99;
				GCC_DYNAMIC_NO_PIC = NO;
				GCC_NO_COMMON_BLOCKS = YES;
				GCC_OPTIMIZATION_LEVEL = 0;
				GCC_PREPROCESSOR_DEFINITIONS = (
					"DEBUG=1",
					"$(inherited)",
				);
				GCC_WARN_64_TO_32_BIT_CONVERSION = YES;
				GCC_WARN_ABOUT_RETURN_TYPE = YES_ERROR;
				GCC_WARN_UNDECLARED_SELECTOR = YES;
				GCC_WARN_UNINITIALIZED_AUTOS = YES_AGGRESSIVE;
				GCC_WARN_UNUSED_FUNCTION = YES;
				GCC_WARN_UNUSED_VARIABLE = YES;
				IPHONEOS_DEPLOYMENT_TARGET = 10.1;
				MTL_ENABLE_DEBUG_INFO = YES;
				ONLY_ACTIVE_ARCH = YES;
				SDKROOT = iphoneos;
			};
			name = Debug;
		};
		53B88AC61E84F14D00177498 /* Release */ = {
			isa = XCBuildConfiguration;
			buildSettings = {
				ALWAYS_SEARCH_USER_PATHS = NO;
				CLANG_ANALYZER_NONNULL = YES;
				CLANG_CXX_LANGUAGE_STANDARD = "gnu++0x";
				CLANG_CXX_LIBRARY = "libc++";
				CLANG_ENABLE_MODULES = YES;
				CLANG_ENABLE_OBJC_ARC = YES;
				CLANG_WARN_BOOL_CONVERSION = YES;
				CLANG_WARN_CONSTANT_CONVERSION = YES;
				CLANG_WARN_DIRECT_OBJC_ISA_USAGE = YES_ERROR;
				CLANG_WARN_DOCUMENTATION_COMMENTS = YES;
				CLANG_WARN_EMPTY_BODY = YES;
				CLANG_WARN_ENUM_CONVERSION = YES;
				CLANG_WARN_INFINITE_RECURSION = YES;
				CLANG_WARN_INT_CONVERSION = YES;
				CLANG_WARN_OBJC_ROOT_CLASS = YES_ERROR;
				CLANG_WARN_SUSPICIOUS_MOVES = YES;
				CLANG_WARN_UNREACHABLE_CODE = YES;
				CLANG_WARN__DUPLICATE_METHOD_MATCH = YES;
				"CODE_SIGN_IDENTITY[sdk=iphoneos*]" = "iPhone Developer";
				COPY_PHASE_STRIP = NO;
				DEBUG_INFORMATION_FORMAT = "dwarf-with-dsym";
				ENABLE_NS_ASSERTIONS = NO;
				ENABLE_STRICT_OBJC_MSGSEND = YES;
				GCC_C_LANGUAGE_STANDARD = gnu99;
				GCC_NO_COMMON_BLOCKS = YES;
				GCC_WARN_64_TO_32_BIT_CONVERSION = YES;
				GCC_WARN_ABOUT_RETURN_TYPE = YES_ERROR;
				GCC_WARN_UNDECLARED_SELECTOR = YES;
				GCC_WARN_UNINITIALIZED_AUTOS = YES_AGGRESSIVE;
				GCC_WARN_UNUSED_FUNCTION = YES;
				GCC_WARN_UNUSED_VARIABLE = YES;
				IPHONEOS_DEPLOYMENT_TARGET = 10.1;
				MTL_ENABLE_DEBUG_INFO = NO;
				SDKROOT = iphoneos;
				VALIDATE_PRODUCT = YES;
			};
			name = Release;
		};
		53B88AC81E84F14D00177498 /* Debug */ = {
			isa = XCBuildConfiguration;
			buildSettings = {
				ASSETCATALOG_COMPILER_APPICON_NAME = AppIcon;
				DEVELOPMENT_TEAM = CZNJZR433P;
				INFOPLIST_FILE = "OpenGLES-0-重实现GLKit/Info.plist";
				LD_RUNPATH_SEARCH_PATHS = "$(inherited) @executable_path/Frameworks";
				PRODUCT_BUNDLE_IDENTIFIER = "com.huangqiangqiang.OpenGLES-0----GLKit";
				PRODUCT_NAME = "$(TARGET_NAME)";
			};
			name = Debug;
		};
		53B88AC91E84F14D00177498 /* Release */ = {
			isa = XCBuildConfiguration;
			buildSettings = {
				ASSETCATALOG_COMPILER_APPICON_NAME = AppIcon;
				DEVELOPMENT_TEAM = CZNJZR433P;
				INFOPLIST_FILE = "OpenGLES-0-重实现GLKit/Info.plist";
				LD_RUNPATH_SEARCH_PATHS = "$(inherited) @executable_path/Frameworks";
				PRODUCT_BUNDLE_IDENTIFIER = "com.huangqiangqiang.OpenGLES-0----GLKit";
				PRODUCT_NAME = "$(TARGET_NAME)";
			};
			name = Release;
		};
/* End XCBuildConfiguration section */

/* Begin XCConfigurationList section */
		53B88AAB1E84F14D00177498 /* Build configuration list for PBXProject "OpenGLES-0-重实现GLKit" */ = {
			isa = XCConfigurationList;
			buildConfigurations = (
				53B88AC51E84F14D00177498 /* Debug */,
				53B88AC61E84F14D00177498 /* Release */,
			);
			defaultConfigurationIsVisible = 0;
			defaultConfigurationName = Release;
		};
		53B88AC71E84F14D00177498 /* Build configuration list for PBXNativeTarget "OpenGLES-0-重实现GLKit" */ = {
			isa = XCConfigurationList;
			buildConfigurations = (
				53B88AC81E84F14D00177498 /* Debug */,
				53B88AC91E84F14D00177498 /* Release */,
			);
			defaultConfigurationIsVisible = 0;
			defaultConfigurationName = Release;
		};
/* End XCConfigurationList section */
	};
	rootObject = 53B88AA81E84F14D00177498 /* Project object */;
}
